
Microsoft Visual Studio Solution File, Format Version 12.00
# Visual Studio Version 17
VisualStudioVersion = 17.0.31903.59
MinimumVisualStudioVersion = 10.0.40219.1
Project("{2150E333-8FDC-42A3-9474-1A3956D46DE8}") = "sample", "sample", "{AFCBDFEB-9F94-406B-83AF-669BC7355774}"
EndProject
Project("{F2A71F9B-5D33-465A-A702-920D77279786}") = "GettingStarted", "sample\GettingStarted\GettingStarted.fsproj", "{1BA13B51-5815-4D94-9436-92E0ED60A152}"
EndProject
Project("{2150E333-8FDC-42A3-9474-1A3956D46DE8}") = "Config", "Config", "{F2F85C14-4F88-4F8E-B7DB-074A7A8658FB}"
	ProjectSection(SolutionItems) = preProject
		package.json = package.json
		.gitignore = .gitignore
		index.html = index.html
		README.md = README.md
		vite.config.js = vite.config.js
	EndProjectSection
EndProject
Project("{2150E333-8FDC-42A3-9474-1A3956D46DE8}") = "src", "src", "{93B83DCC-4DD6-47B4-96B1-D81AC5FD06A7}"
EndProject
Project("{F2A71F9B-5D33-465A-A702-920D77279786}") = "Lit", "src\Lit\Lit.fsproj", "{F3617E1B-3699-4B98-BA76-1D059AD4C9A3}"
EndProject
Global
	GlobalSection(SolutionConfigurationPlatforms) = preSolution
		Debug|Any CPU = Debug|Any CPU
		Release|Any CPU = Release|Any CPU
	EndGlobalSection
	GlobalSection(SolutionProperties) = preSolution
		HideSolutionNode = FALSE
	EndGlobalSection
	GlobalSection(ProjectConfigurationPlatforms) = postSolution
		{1BA13B51-5815-4D94-9436-92E0ED60A152}.Debug|Any CPU.ActiveCfg = Debug|Any CPU
		{1BA13B51-5815-4D94-9436-92E0ED60A152}.Debug|Any CPU.Build.0 = Debug|Any CPU
		{1BA13B51-5815-4D94-9436-92E0ED60A152}.Release|Any CPU.ActiveCfg = Release|Any CPU
		{1BA13B51-5815-4D94-9436-92E0ED60A152}.Release|Any CPU.Build.0 = Release|Any CPU
		{F3617E1B-3699-4B98-BA76-1D059AD4C9A3}.Debug|Any CPU.ActiveCfg = Debug|Any CPU
		{F3617E1B-3699-4B98-BA76-1D059AD4C9A3}.Debug|Any CPU.Build.0 = Debug|Any CPU
		{F3617E1B-3699-4B98-BA76-1D059AD4C9A3}.Release|Any CPU.ActiveCfg = Release|Any CPU
		{F3617E1B-3699-4B98-BA76-1D059AD4C9A3}.Release|Any CPU.Build.0 = Release|Any CPU
	EndGlobalSection
	GlobalSection(NestedProjects) = preSolution
		{1BA13B51-5815-4D94-9436-92E0ED60A152} = {AFCBDFEB-9F94-406B-83AF-669BC7355774}
		{F3617E1B-3699-4B98-BA76-1D059AD4C9A3} = {93B83DCC-4DD6-47B4-96B1-D81AC5FD06A7}
	EndGlobalSection
EndGlobal
